
Microsoft Visual Studio Solution File, Format Version 12.00
Project("{FAE04EC0-301F-11D3-BF4B-00C04F79EFBC}") = "plantingPadBE", "plantingPadBE.csproj", "{D926BCBE-7619-4A59-92AB-D4E482D73DCC}"
EndProject
Project("{2150E333-8FDC-42A3-9474-1A3956D46DE8}") = "Solution Items", "Solution Items", "{F05C8981-BB01-4CCC-8692-CF8988C3ED59}"
	ProjectSection(SolutionItems) = preProject
		compose.yaml = compose.yaml
	EndProjectSection
EndProject
Global
	GlobalSection(SolutionConfigurationPlatforms) = preSolution
		Debug|Any CPU = Debug|Any CPU
		Release|Any CPU = Release|Any CPU
	EndGlobalSection
	GlobalSection(ProjectConfigurationPlatforms) = postSolution
		{D926BCBE-7619-4A59-92AB-D4E482D73DCC}.Debug|Any CPU.ActiveCfg = Debug|Any CPU
		{D926BCBE-7619-4A59-92AB-D4E482D73DCC}.Debug|Any CPU.Build.0 = Debug|Any CPU
		{D926BCBE-7619-4A59-92AB-D4E482D73DCC}.Release|Any CPU.ActiveCfg = Release|Any CPU
		{D926BCBE-7619-4A59-92AB-D4E482D73DCC}.Release|Any CPU.Build.0 = Release|Any CPU
	EndGlobalSection
EndGlobal
